// !$*UTF8*$!
{
	archiveVersion = 1;
	classes = {
	};
	objectVersion = 56;
	objects = {

/* Begin PBXBuildFile section */
		3E60B8282C43DF4F00162C7D /* KinderAppApp.swift in Sources */ = {isa = PBXBuildFile; fileRef = 3E60B8272C43DF4F00162C7D /* KinderAppApp.swift */; };
		3E60B82A2C43DF4F00162C7D /* ContentView.swift in Sources */ = {isa = PBXBuildFile; fileRef = 3E60B8292C43DF4F00162C7D /* ContentView.swift */; };
		3E60B82C2C43DF5100162C7D /* Assets.xcassets in Resources */ = {isa = PBXBuildFile; fileRef = 3E60B82B2C43DF5100162C7D /* Assets.xcassets */; };
		3E60B82F2C43DF5100162C7D /* Preview Assets.xcassets in Resources */ = {isa = PBXBuildFile; fileRef = 3E60B82E2C43DF5100162C7D /* Preview Assets.xcassets */; };
		3E60B8392C43DF5100162C7D /* KinderAppTests.swift in Sources */ = {isa = PBXBuildFile; fileRef = 3E60B8382C43DF5100162C7D /* KinderAppTests.swift */; };
		3E60B8432C43DF5100162C7D /* KinderAppUITests.swift in Sources */ = {isa = PBXBuildFile; fileRef = 3E60B8422C43DF5100162C7D /* KinderAppUITests.swift */; };
		3E60B8452C43DF5100162C7D /* KinderAppUITestsLaunchTests.swift in Sources */ = {isa = PBXBuildFile; fileRef = 3E60B8442C43DF5100162C7D /* KinderAppUITestsLaunchTests.swift */; };
		3E60B8542C43DFA700162C7D /* LoginView.swift in Sources */ = {isa = PBXBuildFile; fileRef = 3E60B8532C43DFA700162C7D /* LoginView.swift */; };
		3E60B8562C43DFC000162C7D /* FullWidthTextField.swift in Sources */ = {isa = PBXBuildFile; fileRef = 3E60B8552C43DFC000162C7D /* FullWidthTextField.swift */; };
		3E60B8582C43DFDD00162C7D /* PasswortTextFielt.swift in Sources */ = {isa = PBXBuildFile; fileRef = 3E60B8572C43DFDD00162C7D /* PasswortTextFielt.swift */; };
		3E60B85A2C43DFF300162C7D /* SocialLoginButton.swift in Sources */ = {isa = PBXBuildFile; fileRef = 3E60B8592C43DFF300162C7D /* SocialLoginButton.swift */; };
		3E60B85D2C442EC800162C7D /* UserData.swift in Sources */ = {isa = PBXBuildFile; fileRef = 3E60B85C2C442EC800162C7D /* UserData.swift */; };
		3E60B8612C44342000162C7D /* Localizable.strings in Resources */ = {isa = PBXBuildFile; fileRef = 3E60B85F2C44342000162C7D /* Localizable.strings */; };
		3E60B86B2C447AD500162C7D /* WeekStore.swift in Sources */ = {isa = PBXBuildFile; fileRef = 3E60B86A2C447AD500162C7D /* WeekStore.swift */; };
		3E60B86D2C447D6B00162C7D /* WeekValue.swift in Sources */ = {isa = PBXBuildFile; fileRef = 3E60B86C2C447D6B00162C7D /* WeekValue.swift */; };
		3E7B04352C4821B000606AED /* TestCalender.swift in Sources */ = {isa = PBXBuildFile; fileRef = 3E7B04342C4821B000606AED /* TestCalender.swift */; };
		3E7B04372C4825F000606AED /* MyCalendar.swift in Sources */ = {isa = PBXBuildFile; fileRef = 3E7B04362C4825F000606AED /* MyCalendar.swift */; };
		3E7B04392C48264D00606AED /* DayPlanner.swift in Sources */ = {isa = PBXBuildFile; fileRef = 3E7B04382C48264D00606AED /* DayPlanner.swift */; };
		3E7B04422C49568500606AED /* KalenderDesigVorlage.swift in Sources */ = {isa = PBXBuildFile; fileRef = 3E7B04412C49568500606AED /* KalenderDesigVorlage.swift */; };
		3E7B04442C4956EF00606AED /* CalenderSheed.swift in Sources */ = {isa = PBXBuildFile; fileRef = 3E7B04432C4956EF00606AED /* CalenderSheed.swift */; };
		3E7B04462C49574500606AED /* Wegzeiten.swift in Sources */ = {isa = PBXBuildFile; fileRef = 3E7B04452C49574500606AED /* Wegzeiten.swift */; };
		3E7B04482C4957BA00606AED /* DatumUndzeit.swift in Sources */ = {isa = PBXBuildFile; fileRef = 3E7B04472C4957BA00606AED /* DatumUndzeit.swift */; };
		3E7B044D2C49CC1400606AED /* CreateView.swift in Sources */ = {isa = PBXBuildFile; fileRef = 3E7B044C2C49CC1400606AED /* CreateView.swift */; };
		3E7B044F2C4A840200606AED /* MyPlanner.swift in Sources */ = {isa = PBXBuildFile; fileRef = 3E7B044E2C4A840200606AED /* MyPlanner.swift */; };
		3E8B1C3D2C61774900010BE0 /* HomeViewTestIOS16.swift in Sources */ = {isa = PBXBuildFile; fileRef = 3E8B1C3C2C61774900010BE0 /* HomeViewTestIOS16.swift */; };
		3E8B1C402C623E9800010BE0 /* ContainerRelativeFrame.swift in Sources */ = {isa = PBXBuildFile; fileRef = 3E8B1C3F2C623E9800010BE0 /* ContainerRelativeFrame.swift */; };
		3E8F88F72C56FA3A000EDF6C /* SIEmail.swift in Sources */ = {isa = PBXBuildFile; fileRef = 3E8F88F62C56FA3A000EDF6C /* SIEmail.swift */; };
		3E8F88FD2C59B0C8000EDF6C /* SICode.swift in Sources */ = {isa = PBXBuildFile; fileRef = 3E8F88FC2C59B0C8000EDF6C /* SICode.swift */; };
		3E8F88FF2C59D9CF000EDF6C /* SIPersonID.swift in Sources */ = {isa = PBXBuildFile; fileRef = 3E8F88FE2C59D9CF000EDF6C /* SIPersonID.swift */; };
		3E8F89082C5ACA94000EDF6C /* DescriptionWithTitle.swift in Sources */ = {isa = PBXBuildFile; fileRef = 3E8F89072C5ACA94000EDF6C /* DescriptionWithTitle.swift */; };
		3E8F890A2C5ACB04000EDF6C /* FullWidthButton.swift in Sources */ = {isa = PBXBuildFile; fileRef = 3E8F89092C5ACB04000EDF6C /* FullWidthButton.swift */; };
		3E8F890C2C5AD2E6000EDF6C /* OptionSeparator.swift in Sources */ = {isa = PBXBuildFile; fileRef = 3E8F890B2C5AD2E6000EDF6C /* OptionSeparator.swift */; };
		3E8F890E2C5AE7AB000EDF6C /* FullWidthTextFieldAndToggle.swift in Sources */ = {isa = PBXBuildFile; fileRef = 3E8F890D2C5AE7AB000EDF6C /* FullWidthTextFieldAndToggle.swift */; };
		3E8F89102C5AF5A6000EDF6C /* RegistrierenView.swift in Sources */ = {isa = PBXBuildFile; fileRef = 3E8F890F2C5AF5A6000EDF6C /* RegistrierenView.swift */; };
		3E8F89162C5DA2AF000EDF6C /* TestSwiftUIView.swift in Sources */ = {isa = PBXBuildFile; fileRef = 3E8F89152C5DA2AF000EDF6C /* TestSwiftUIView.swift */; };
		3E8F89182C5E209C000EDF6C /* SIPasswort.swift in Sources */ = {isa = PBXBuildFile; fileRef = 3E8F89172C5E209C000EDF6C /* SIPasswort.swift */; };
		3E8F891B2C605120000EDF6C /* HomeView.swift in Sources */ = {isa = PBXBuildFile; fileRef = 3E8F891A2C605120000EDF6C /* HomeView.swift */; };
		3ECC27FF2C52769200DB2801 /* CustomWeekHeader.swift in Sources */ = {isa = PBXBuildFile; fileRef = 3ECC27FE2C52769200DB2801 /* CustomWeekHeader.swift */; };
		3ECC28092C559FBC00DB2801 /* WelcomView.swift in Sources */ = {isa = PBXBuildFile; fileRef = 3ECC28082C559FBC00DB2801 /* WelcomView.swift */; };
/* End PBXBuildFile section */

/* Begin PBXContainerItemProxy section */
		3E60B8352C43DF5100162C7D /* PBXContainerItemProxy */ = {
			isa = PBXContainerItemProxy;
			containerPortal = 3E60B81C2C43DF4F00162C7D /* Project object */;
			proxyType = 1;
			remoteGlobalIDString = 3E60B8232C43DF4F00162C7D;
			remoteInfo = KinderApp;
		};
		3E60B83F2C43DF5100162C7D /* PBXContainerItemProxy */ = {
			isa = PBXContainerItemProxy;
			containerPortal = 3E60B81C2C43DF4F00162C7D /* Project object */;
			proxyType = 1;
			remoteGlobalIDString = 3E60B8232C43DF4F00162C7D;
			remoteInfo = KinderApp;
		};
/* End PBXContainerItemProxy section */

/* Begin PBXFileReference section */
		3E60B8242C43DF4F00162C7D /* KinderApp.app */ = {isa = PBXFileReference; explicitFileType = wrapper.application; includeInIndex = 0; path = KinderApp.app; sourceTree = BUILT_PRODUCTS_DIR; };
		3E60B8272C43DF4F00162C7D /* KinderAppApp.swift */ = {isa = PBXFileReference; lastKnownFileType = sourcecode.swift; path = KinderAppApp.swift; sourceTree = "<group>"; };
		3E60B8292C43DF4F00162C7D /* ContentView.swift */ = {isa = PBXFileReference; lastKnownFileType = sourcecode.swift; path = ContentView.swift; sourceTree = "<group>"; };
		3E60B82B2C43DF5100162C7D /* Assets.xcassets */ = {isa = PBXFileReference; lastKnownFileType = folder.assetcatalog; path = Assets.xcassets; sourceTree = "<group>"; };
		3E60B82E2C43DF5100162C7D /* Preview Assets.xcassets */ = {isa = PBXFileReference; lastKnownFileType = folder.assetcatalog; path = "Preview Assets.xcassets"; sourceTree = "<group>"; };
		3E60B8342C43DF5100162C7D /* KinderAppTests.xctest */ = {isa = PBXFileReference; explicitFileType = wrapper.cfbundle; includeInIndex = 0; path = KinderAppTests.xctest; sourceTree = BUILT_PRODUCTS_DIR; };
		3E60B8382C43DF5100162C7D /* KinderAppTests.swift */ = {isa = PBXFileReference; lastKnownFileType = sourcecode.swift; path = KinderAppTests.swift; sourceTree = "<group>"; };
		3E60B83E2C43DF5100162C7D /* KinderAppUITests.xctest */ = {isa = PBXFileReference; explicitFileType = wrapper.cfbundle; includeInIndex = 0; path = KinderAppUITests.xctest; sourceTree = BUILT_PRODUCTS_DIR; };
		3E60B8422C43DF5100162C7D /* KinderAppUITests.swift */ = {isa = PBXFileReference; lastKnownFileType = sourcecode.swift; path = KinderAppUITests.swift; sourceTree = "<group>"; };
		3E60B8442C43DF5100162C7D /* KinderAppUITestsLaunchTests.swift */ = {isa = PBXFileReference; lastKnownFileType = sourcecode.swift; path = KinderAppUITestsLaunchTests.swift; sourceTree = "<group>"; };
		3E60B8532C43DFA700162C7D /* LoginView.swift */ = {isa = PBXFileReference; lastKnownFileType = sourcecode.swift; path = LoginView.swift; sourceTree = "<group>"; };
		3E60B8552C43DFC000162C7D /* FullWidthTextField.swift */ = {isa = PBXFileReference; lastKnownFileType = sourcecode.swift; path = FullWidthTextField.swift; sourceTree = "<group>"; };
		3E60B8572C43DFDD00162C7D /* PasswortTextFielt.swift */ = {isa = PBXFileReference; lastKnownFileType = sourcecode.swift; path = PasswortTextFielt.swift; sourceTree = "<group>"; };
		3E60B8592C43DFF300162C7D /* SocialLoginButton.swift */ = {isa = PBXFileReference; lastKnownFileType = sourcecode.swift; path = SocialLoginButton.swift; sourceTree = "<group>"; };
		3E60B85C2C442EC800162C7D /* UserData.swift */ = {isa = PBXFileReference; lastKnownFileType = sourcecode.swift; path = UserData.swift; sourceTree = "<group>"; };
		3E60B8602C44342000162C7D /* en */ = {isa = PBXFileReference; lastKnownFileType = text.plist.strings; name = en; path = en.lproj/Localizable.strings; sourceTree = "<group>"; };
		3E60B8632C44345D00162C7D /* de */ = {isa = PBXFileReference; lastKnownFileType = text.plist.strings; name = de; path = de.lproj/Localizable.strings; sourceTree = "<group>"; };
		3E60B86A2C447AD500162C7D /* WeekStore.swift */ = {isa = PBXFileReference; lastKnownFileType = sourcecode.swift; path = WeekStore.swift; sourceTree = "<group>"; };
		3E60B86C2C447D6B00162C7D /* WeekValue.swift */ = {isa = PBXFileReference; lastKnownFileType = sourcecode.swift; path = WeekValue.swift; sourceTree = "<group>"; };
		3E7B04342C4821B000606AED /* TestCalender.swift */ = {isa = PBXFileReference; lastKnownFileType = sourcecode.swift; path = TestCalender.swift; sourceTree = "<group>"; };
		3E7B04362C4825F000606AED /* MyCalendar.swift */ = {isa = PBXFileReference; lastKnownFileType = sourcecode.swift; path = MyCalendar.swift; sourceTree = "<group>"; };
		3E7B04382C48264D00606AED /* DayPlanner.swift */ = {isa = PBXFileReference; lastKnownFileType = sourcecode.swift; path = DayPlanner.swift; sourceTree = "<group>"; };
		3E7B04412C49568500606AED /* KalenderDesigVorlage.swift */ = {isa = PBXFileReference; lastKnownFileType = sourcecode.swift; path = KalenderDesigVorlage.swift; sourceTree = "<group>"; };
		3E7B04432C4956EF00606AED /* CalenderSheed.swift */ = {isa = PBXFileReference; lastKnownFileType = sourcecode.swift; path = CalenderSheed.swift; sourceTree = "<group>"; };
		3E7B04452C49574500606AED /* Wegzeiten.swift */ = {isa = PBXFileReference; lastKnownFileType = sourcecode.swift; path = Wegzeiten.swift; sourceTree = "<group>"; };
		3E7B04472C4957BA00606AED /* DatumUndzeit.swift */ = {isa = PBXFileReference; lastKnownFileType = sourcecode.swift; path = DatumUndzeit.swift; sourceTree = "<group>"; };
		3E7B044C2C49CC1400606AED /* CreateView.swift */ = {isa = PBXFileReference; lastKnownFileType = sourcecode.swift; path = CreateView.swift; sourceTree = "<group>"; };
		3E7B044E2C4A840200606AED /* MyPlanner.swift */ = {isa = PBXFileReference; lastKnownFileType = sourcecode.swift; path = MyPlanner.swift; sourceTree = "<group>"; };
		3E8B1C3C2C61774900010BE0 /* HomeViewTestIOS16.swift */ = {isa = PBXFileReference; lastKnownFileType = sourcecode.swift; path = HomeViewTestIOS16.swift; sourceTree = "<group>"; };
		3E8B1C3F2C623E9800010BE0 /* ContainerRelativeFrame.swift */ = {isa = PBXFileReference; lastKnownFileType = sourcecode.swift; path = ContainerRelativeFrame.swift; sourceTree = "<group>"; };
		3E8F88F62C56FA3A000EDF6C /* SIEmail.swift */ = {isa = PBXFileReference; lastKnownFileType = sourcecode.swift; path = SIEmail.swift; sourceTree = "<group>"; };
		3E8F88FC2C59B0C8000EDF6C /* SICode.swift */ = {isa = PBXFileReference; lastKnownFileType = sourcecode.swift; path = SICode.swift; sourceTree = "<group>"; };
		3E8F88FE2C59D9CF000EDF6C /* SIPersonID.swift */ = {isa = PBXFileReference; lastKnownFileType = sourcecode.swift; path = SIPersonID.swift; sourceTree = "<group>"; };
		3E8F89072C5ACA94000EDF6C /* DescriptionWithTitle.swift */ = {isa = PBXFileReference; lastKnownFileType = sourcecode.swift; path = DescriptionWithTitle.swift; sourceTree = "<group>"; };
		3E8F89092C5ACB04000EDF6C /* FullWidthButton.swift */ = {isa = PBXFileReference; lastKnownFileType = sourcecode.swift; path = FullWidthButton.swift; sourceTree = "<group>"; };
		3E8F890B2C5AD2E6000EDF6C /* OptionSeparator.swift */ = {isa = PBXFileReference; lastKnownFileType = sourcecode.swift; path = OptionSeparator.swift; sourceTree = "<group>"; };
		3E8F890D2C5AE7AB000EDF6C /* FullWidthTextFieldAndToggle.swift */ = {isa = PBXFileReference; lastKnownFileType = sourcecode.swift; path = FullWidthTextFieldAndToggle.swift; sourceTree = "<group>"; };
		3E8F890F2C5AF5A6000EDF6C /* RegistrierenView.swift */ = {isa = PBXFileReference; lastKnownFileType = sourcecode.swift; path = RegistrierenView.swift; sourceTree = "<group>"; };
		3E8F89152C5DA2AF000EDF6C /* TestSwiftUIView.swift */ = {isa = PBXFileReference; lastKnownFileType = sourcecode.swift; path = TestSwiftUIView.swift; sourceTree = "<group>"; };
		3E8F89172C5E209C000EDF6C /* SIPasswort.swift */ = {isa = PBXFileReference; lastKnownFileType = sourcecode.swift; path = SIPasswort.swift; sourceTree = "<group>"; };
		3E8F891A2C605120000EDF6C /* HomeView.swift */ = {isa = PBXFileReference; lastKnownFileType = sourcecode.swift; path = HomeView.swift; sourceTree = "<group>"; };
		3ECC27FE2C52769200DB2801 /* CustomWeekHeader.swift */ = {isa = PBXFileReference; lastKnownFileType = sourcecode.swift; path = CustomWeekHeader.swift; sourceTree = "<group>"; };
		3ECC28082C559FBC00DB2801 /* WelcomView.swift */ = {isa = PBXFileReference; lastKnownFileType = sourcecode.swift; path = WelcomView.swift; sourceTree = "<group>"; };
/* End PBXFileReference section */

/* Begin PBXFrameworksBuildPhase section */
		3E60B8212C43DF4F00162C7D /* Frameworks */ = {
			isa = PBXFrameworksBuildPhase;
			buildActionMask = 2147483647;
			files = (
			);
			runOnlyForDeploymentPostprocessing = 0;
		};
		3E60B8312C43DF5100162C7D /* Frameworks */ = {
			isa = PBXFrameworksBuildPhase;
			buildActionMask = 2147483647;
			files = (
			);
			runOnlyForDeploymentPostprocessing = 0;
		};
		3E60B83B2C43DF5100162C7D /* Frameworks */ = {
			isa = PBXFrameworksBuildPhase;
			buildActionMask = 2147483647;
			files = (
			);
			runOnlyForDeploymentPostprocessing = 0;
		};
/* End PBXFrameworksBuildPhase section */

/* Begin PBXGroup section */
		3E60B81B2C43DF4F00162C7D = {
			isa = PBXGroup;
			children = (
				3E60B8262C43DF4F00162C7D /* KinderApp */,
				3E60B8372C43DF5100162C7D /* KinderAppTests */,
				3E60B8412C43DF5100162C7D /* KinderAppUITests */,
				3E60B8252C43DF4F00162C7D /* Products */,
			);
			sourceTree = "<group>";
		};
		3E60B8252C43DF4F00162C7D /* Products */ = {
			isa = PBXGroup;
			children = (
				3E60B8242C43DF4F00162C7D /* KinderApp.app */,
				3E60B8342C43DF5100162C7D /* KinderAppTests.xctest */,
				3E60B83E2C43DF5100162C7D /* KinderAppUITests.xctest */,
			);
			name = Products;
			sourceTree = "<group>";
		};
		3E60B8262C43DF4F00162C7D /* KinderApp */ = {
			isa = PBXGroup;
			children = (
				3E60B8272C43DF4F00162C7D /* KinderAppApp.swift */,
				3E60B8292C43DF4F00162C7D /* ContentView.swift */,
				3E60B85E2C4433D400162C7D /* Resource */,
				3E60B85B2C442EA800162C7D /* Model */,
				3E60B8512C43DF7A00162C7D /* View */,
				3E8F89062C5AC61E000EDF6C /* Componente */,
				3E8B1C3E2C623E6000010BE0 /* Modifier */,
				3E60B82D2C43DF5100162C7D /* Preview Content */,
			);
			path = KinderApp;
			sourceTree = "<group>";
		};
		3E60B82D2C43DF5100162C7D /* Preview Content */ = {
			isa = PBXGroup;
			children = (
				3E60B82E2C43DF5100162C7D /* Preview Assets.xcassets */,
			);
			path = "Preview Content";
			sourceTree = "<group>";
		};
		3E60B8372C43DF5100162C7D /* KinderAppTests */ = {
			isa = PBXGroup;
			children = (
				3E60B8382C43DF5100162C7D /* KinderAppTests.swift */,
			);
			path = KinderAppTests;
			sourceTree = "<group>";
		};
		3E60B8412C43DF5100162C7D /* KinderAppUITests */ = {
			isa = PBXGroup;
			children = (
				3E60B8422C43DF5100162C7D /* KinderAppUITests.swift */,
				3E60B8442C43DF5100162C7D /* KinderAppUITestsLaunchTests.swift */,
			);
			path = KinderAppUITests;
			sourceTree = "<group>";
		};
		3E60B8512C43DF7A00162C7D /* View */ = {
			isa = PBXGroup;
			children = (
				3E8F89192C605104000EDF6C /* HomeView */,
				3ECC27FD2C52767700DB2801 /* Calendar2 */,
				3E60B8652C4461F600162C7D /* CalenderView */,
				3ECC28072C559F9600DB2801 /* WelcomView */,
				3E60B8522C43DF8800162C7D /* LoginView */,
				3E8F88F52C56F9EB000EDF6C /* SingInView */,
				3E8F89152C5DA2AF000EDF6C /* TestSwiftUIView.swift */,
			);
			path = View;
			sourceTree = "<group>";
		};
		3E60B8522C43DF8800162C7D /* LoginView */ = {
			isa = PBXGroup;
			children = (
				3E60B8532C43DFA700162C7D /* LoginView.swift */,
			);
			path = LoginView;
			sourceTree = "<group>";
		};
		3E60B85B2C442EA800162C7D /* Model */ = {
			isa = PBXGroup;
			children = (
				3E60B85C2C442EC800162C7D /* UserData.swift */,
				3E60B86C2C447D6B00162C7D /* WeekValue.swift */,
				3E7B04362C4825F000606AED /* MyCalendar.swift */,
			);
			path = Model;
			sourceTree = "<group>";
		};
		3E60B85E2C4433D400162C7D /* Resource */ = {
			isa = PBXGroup;
			children = (
				3E60B82B2C43DF5100162C7D /* Assets.xcassets */,
				3E60B85F2C44342000162C7D /* Localizable.strings */,
			);
			path = Resource;
			sourceTree = "<group>";
		};
		3E60B8652C4461F600162C7D /* CalenderView */ = {
			isa = PBXGroup;
			children = (
				3E7B044B2C49800200606AED /* TestOrdner */,
				3E7B04342C4821B000606AED /* TestCalender.swift */,
				3E7B04382C48264D00606AED /* DayPlanner.swift */,
				3E60B86A2C447AD500162C7D /* WeekStore.swift */,
				3E7B04412C49568500606AED /* KalenderDesigVorlage.swift */,
				3E7B04432C4956EF00606AED /* CalenderSheed.swift */,
				3E7B04452C49574500606AED /* Wegzeiten.swift */,
				3E7B04472C4957BA00606AED /* DatumUndzeit.swift */,
			);
			path = CalenderView;
			sourceTree = "<group>";
		};
		3E7B044B2C49800200606AED /* TestOrdner */ = {
			isa = PBXGroup;
			children = (
				3E7B044C2C49CC1400606AED /* CreateView.swift */,
				3E7B044E2C4A840200606AED /* MyPlanner.swift */,
			);
			path = TestOrdner;
			sourceTree = "<group>";
		};
		3E8B1C3E2C623E6000010BE0 /* Modifier */ = {
			isa = PBXGroup;
			children = (
				3E8B1C3F2C623E9800010BE0 /* ContainerRelativeFrame.swift */,
			);
			path = Modifier;
			sourceTree = "<group>";
		};
		3E8F88F52C56F9EB000EDF6C /* SingInView */ = {
			isa = PBXGroup;
			children = (
				3E8F890F2C5AF5A6000EDF6C /* RegistrierenView.swift */,
				3E8F88F62C56FA3A000EDF6C /* SIEmail.swift */,
				3E8F88FC2C59B0C8000EDF6C /* SICode.swift */,
				3E8F88FE2C59D9CF000EDF6C /* SIPersonID.swift */,
				3E8F89172C5E209C000EDF6C /* SIPasswort.swift */,
			);
			path = SingInView;
			sourceTree = "<group>";
		};
		3E8F89062C5AC61E000EDF6C /* Componente */ = {
			isa = PBXGroup;
			children = (
				3E60B8572C43DFDD00162C7D /* PasswortTextFielt.swift */,
				3E60B8552C43DFC000162C7D /* FullWidthTextField.swift */,
				3E8F890D2C5AE7AB000EDF6C /* FullWidthTextFieldAndToggle.swift */,
				3E8F89092C5ACB04000EDF6C /* FullWidthButton.swift */,
				3E60B8592C43DFF300162C7D /* SocialLoginButton.swift */,
				3E8F89072C5ACA94000EDF6C /* DescriptionWithTitle.swift */,
				3E8F890B2C5AD2E6000EDF6C /* OptionSeparator.swift */,
			);
			path = Componente;
			sourceTree = "<group>";
		};
		3E8F89192C605104000EDF6C /* HomeView */ = {
			isa = PBXGroup;
			children = (
				3E8F891A2C605120000EDF6C /* HomeView.swift */,
				3E8B1C3C2C61774900010BE0 /* HomeViewTestIOS16.swift */,
			);
			path = HomeView;
			sourceTree = "<group>";
		};
		3ECC27FD2C52767700DB2801 /* Calendar2 */ = {
			isa = PBXGroup;
			children = (
				3ECC27FE2C52769200DB2801 /* CustomWeekHeader.swift */,
			);
			path = Calendar2;
			sourceTree = "<group>";
		};
		3ECC28072C559F9600DB2801 /* WelcomView */ = {
			isa = PBXGroup;
			children = (
				3ECC28082C559FBC00DB2801 /* WelcomView.swift */,
			);
			path = WelcomView;
			sourceTree = "<group>";
		};
/* End PBXGroup section */

/* Begin PBXNativeTarget section */
		3E60B8232C43DF4F00162C7D /* KinderApp */ = {
			isa = PBXNativeTarget;
			buildConfigurationList = 3E60B8482C43DF5100162C7D /* Build configuration list for PBXNativeTarget "KinderApp" */;
			buildPhases = (
				3E60B8202C43DF4F00162C7D /* Sources */,
				3E60B8212C43DF4F00162C7D /* Frameworks */,
				3E60B8222C43DF4F00162C7D /* Resources */,
			);
			buildRules = (
			);
			dependencies = (
			);
			name = KinderApp;
			productName = KinderApp;
			productReference = 3E60B8242C43DF4F00162C7D /* KinderApp.app */;
			productType = "com.apple.product-type.application";
		};
		3E60B8332C43DF5100162C7D /* KinderAppTests */ = {
			isa = PBXNativeTarget;
			buildConfigurationList = 3E60B84B2C43DF5100162C7D /* Build configuration list for PBXNativeTarget "KinderAppTests" */;
			buildPhases = (
				3E60B8302C43DF5100162C7D /* Sources */,
				3E60B8312C43DF5100162C7D /* Frameworks */,
				3E60B8322C43DF5100162C7D /* Resources */,
			);
			buildRules = (
			);
			dependencies = (
				3E60B8362C43DF5100162C7D /* PBXTargetDependency */,
			);
			name = KinderAppTests;
			productName = KinderAppTests;
			productReference = 3E60B8342C43DF5100162C7D /* KinderAppTests.xctest */;
			productType = "com.apple.product-type.bundle.unit-test";
		};
		3E60B83D2C43DF5100162C7D /* KinderAppUITests */ = {
			isa = PBXNativeTarget;
			buildConfigurationList = 3E60B84E2C43DF5100162C7D /* Build configuration list for PBXNativeTarget "KinderAppUITests" */;
			buildPhases = (
				3E60B83A2C43DF5100162C7D /* Sources */,
				3E60B83B2C43DF5100162C7D /* Frameworks */,
				3E60B83C2C43DF5100162C7D /* Resources */,
			);
			buildRules = (
			);
			dependencies = (
				3E60B8402C43DF5100162C7D /* PBXTargetDependency */,
			);
			name = KinderAppUITests;
			productName = KinderAppUITests;
			productReference = 3E60B83E2C43DF5100162C7D /* KinderAppUITests.xctest */;
			productType = "com.apple.product-type.bundle.ui-testing";
		};
/* End PBXNativeTarget section */

/* Begin PBXProject section */
		3E60B81C2C43DF4F00162C7D /* Project object */ = {
			isa = PBXProject;
			attributes = {
				BuildIndependentTargetsInParallel = 1;
				LastSwiftUpdateCheck = 1540;
				LastUpgradeCheck = 1540;
				TargetAttributes = {
					3E60B8232C43DF4F00162C7D = {
						CreatedOnToolsVersion = 15.4;
					};
					3E60B8332C43DF5100162C7D = {
						CreatedOnToolsVersion = 15.4;
						TestTargetID = 3E60B8232C43DF4F00162C7D;
					};
					3E60B83D2C43DF5100162C7D = {
						CreatedOnToolsVersion = 15.4;
						TestTargetID = 3E60B8232C43DF4F00162C7D;
					};
				};
			};
			buildConfigurationList = 3E60B81F2C43DF4F00162C7D /* Build configuration list for PBXProject "KinderApp" */;
			compatibilityVersion = "Xcode 14.0";
			developmentRegion = en;
			hasScannedForEncodings = 0;
			knownRegions = (
				en,
				Base,
				de,
			);
			mainGroup = 3E60B81B2C43DF4F00162C7D;
			productRefGroup = 3E60B8252C43DF4F00162C7D /* Products */;
			projectDirPath = "";
			projectRoot = "";
			targets = (
				3E60B8232C43DF4F00162C7D /* KinderApp */,
				3E60B8332C43DF5100162C7D /* KinderAppTests */,
				3E60B83D2C43DF5100162C7D /* KinderAppUITests */,
			);
		};
/* End PBXProject section */

/* Begin PBXResourcesBuildPhase section */
		3E60B8222C43DF4F00162C7D /* Resources */ = {
			isa = PBXResourcesBuildPhase;
			buildActionMask = 2147483647;
			files = (
				3E60B82F2C43DF5100162C7D /* Preview Assets.xcassets in Resources */,
				3E60B8612C44342000162C7D /* Localizable.strings in Resources */,
				3E60B82C2C43DF5100162C7D /* Assets.xcassets in Resources */,
			);
			runOnlyForDeploymentPostprocessing = 0;
		};
		3E60B8322C43DF5100162C7D /* Resources */ = {
			isa = PBXResourcesBuildPhase;
			buildActionMask = 2147483647;
			files = (
			);
			runOnlyForDeploymentPostprocessing = 0;
		};
		3E60B83C2C43DF5100162C7D /* Resources */ = {
			isa = PBXResourcesBuildPhase;
			buildActionMask = 2147483647;
			files = (
			);
			runOnlyForDeploymentPostprocessing = 0;
		};
/* End PBXResourcesBuildPhase section */

/* Begin PBXSourcesBuildPhase section */
		3E60B8202C43DF4F00162C7D /* Sources */ = {
			isa = PBXSourcesBuildPhase;
			buildActionMask = 2147483647;
			files = (
				3E60B8562C43DFC000162C7D /* FullWidthTextField.swift in Sources */,
				3E60B8542C43DFA700162C7D /* LoginView.swift in Sources */,
				3E8F88FD2C59B0C8000EDF6C /* SICode.swift in Sources */,
				3E60B85D2C442EC800162C7D /* UserData.swift in Sources */,
				3E8F88F72C56FA3A000EDF6C /* SIEmail.swift in Sources */,
				3E7B044F2C4A840200606AED /* MyPlanner.swift in Sources */,
				3E7B04482C4957BA00606AED /* DatumUndzeit.swift in Sources */,
				3E60B86B2C447AD500162C7D /* WeekStore.swift in Sources */,
				3E8B1C3D2C61774900010BE0 /* HomeViewTestIOS16.swift in Sources */,
				3E8F89182C5E209C000EDF6C /* SIPasswort.swift in Sources */,
				3E8F890E2C5AE7AB000EDF6C /* FullWidthTextFieldAndToggle.swift in Sources */,
				3E8F88FF2C59D9CF000EDF6C /* SIPersonID.swift in Sources */,
				3E60B8582C43DFDD00162C7D /* PasswortTextFielt.swift in Sources */,
				3E8F890A2C5ACB04000EDF6C /* FullWidthButton.swift in Sources */,
				3E7B04422C49568500606AED /* KalenderDesigVorlage.swift in Sources */,
				3E7B04442C4956EF00606AED /* CalenderSheed.swift in Sources */,
				3E8B1C402C623E9800010BE0 /* ContainerRelativeFrame.swift in Sources */,
				3E60B86D2C447D6B00162C7D /* WeekValue.swift in Sources */,
				3E8F891B2C605120000EDF6C /* HomeView.swift in Sources */,
				3E7B044D2C49CC1400606AED /* CreateView.swift in Sources */,
				3E60B82A2C43DF4F00162C7D /* ContentView.swift in Sources */,
				3E7B04392C48264D00606AED /* DayPlanner.swift in Sources */,
				3ECC28092C559FBC00DB2801 /* WelcomView.swift in Sources */,
				3E7B04372C4825F000606AED /* MyCalendar.swift in Sources */,
				3E7B04352C4821B000606AED /* TestCalender.swift in Sources */,
				3E8F890C2C5AD2E6000EDF6C /* OptionSeparator.swift in Sources */,
				3E7B04462C49574500606AED /* Wegzeiten.swift in Sources */,
				3E8F89162C5DA2AF000EDF6C /* TestSwiftUIView.swift in Sources */,
				3E60B85A2C43DFF300162C7D /* SocialLoginButton.swift in Sources */,
				3ECC27FF2C52769200DB2801 /* CustomWeekHeader.swift in Sources */,
				3E60B8282C43DF4F00162C7D /* KinderAppApp.swift in Sources */,
				3E8F89082C5ACA94000EDF6C /* DescriptionWithTitle.swift in Sources */,
				3E8F89102C5AF5A6000EDF6C /* RegistrierenView.swift in Sources */,
			);
			runOnlyForDeploymentPostprocessing = 0;
		};
		3E60B8302C43DF5100162C7D /* Sources */ = {
			isa = PBXSourcesBuildPhase;
			buildActionMask = 2147483647;
			files = (
				3E60B8392C43DF5100162C7D /* KinderAppTests.swift in Sources */,
			);
			runOnlyForDeploymentPostprocessing = 0;
		};
		3E60B83A2C43DF5100162C7D /* Sources */ = {
			isa = PBXSourcesBuildPhase;
			buildActionMask = 2147483647;
			files = (
				3E60B8432C43DF5100162C7D /* KinderAppUITests.swift in Sources */,
				3E60B8452C43DF5100162C7D /* KinderAppUITestsLaunchTests.swift in Sources */,
			);
			runOnlyForDeploymentPostprocessing = 0;
		};
/* End PBXSourcesBuildPhase section */

/* Begin PBXTargetDependency section */
		3E60B8362C43DF5100162C7D /* PBXTargetDependency */ = {
			isa = PBXTargetDependency;
			target = 3E60B8232C43DF4F00162C7D /* KinderApp */;
			targetProxy = 3E60B8352C43DF5100162C7D /* PBXContainerItemProxy */;
		};
		3E60B8402C43DF5100162C7D /* PBXTargetDependency */ = {
			isa = PBXTargetDependency;
			target = 3E60B8232C43DF4F00162C7D /* KinderApp */;
			targetProxy = 3E60B83F2C43DF5100162C7D /* PBXContainerItemProxy */;
		};
/* End PBXTargetDependency section */

/* Begin PBXVariantGroup section */
		3E60B85F2C44342000162C7D /* Localizable.strings */ = {
			isa = PBXVariantGroup;
			children = (
				3E60B8602C44342000162C7D /* en */,
				3E60B8632C44345D00162C7D /* de */,
			);
			name = Localizable.strings;
			sourceTree = "<group>";
		};
/* End PBXVariantGroup section */

/* Begin XCBuildConfiguration section */
		3E60B8462C43DF5100162C7D /* Debug */ = {
			isa = XCBuildConfiguration;
			buildSettings = {
				ALWAYS_SEARCH_USER_PATHS = NO;
				ASSETCATALOG_COMPILER_GENERATE_SWIFT_ASSET_SYMBOL_EXTENSIONS = YES;
				CLANG_ANALYZER_NONNULL = YES;
				CLANG_ANALYZER_NUMBER_OBJECT_CONVERSION = YES_AGGRESSIVE;
				CLANG_CXX_LANGUAGE_STANDARD = "gnu++20";
				CLANG_ENABLE_MODULES = YES;
				CLANG_ENABLE_OBJC_ARC = YES;
				CLANG_ENABLE_OBJC_WEAK = YES;
				CLANG_WARN_BLOCK_CAPTURE_AUTORELEASING = YES;
				CLANG_WARN_BOOL_CONVERSION = YES;
				CLANG_WARN_COMMA = YES;
				CLANG_WARN_CONSTANT_CONVERSION = YES;
				CLANG_WARN_DEPRECATED_OBJC_IMPLEMENTATIONS = YES;
				CLANG_WARN_DIRECT_OBJC_ISA_USAGE = YES_ERROR;
				CLANG_WARN_DOCUMENTATION_COMMENTS = YES;
				CLANG_WARN_EMPTY_BODY = YES;
				CLANG_WARN_ENUM_CONVERSION = YES;
				CLANG_WARN_INFINITE_RECURSION = YES;
				CLANG_WARN_INT_CONVERSION = YES;
				CLANG_WARN_NON_LITERAL_NULL_CONVERSION = YES;
				CLANG_WARN_OBJC_IMPLICIT_RETAIN_SELF = YES;
				CLANG_WARN_OBJC_LITERAL_CONVERSION = YES;
				CLANG_WARN_OBJC_ROOT_CLASS = YES_ERROR;
				CLANG_WARN_QUOTED_INCLUDE_IN_FRAMEWORK_HEADER = YES;
				CLANG_WARN_RANGE_LOOP_ANALYSIS = YES;
				CLANG_WARN_STRICT_PROTOTYPES = YES;
				CLANG_WARN_SUSPICIOUS_MOVE = YES;
				CLANG_WARN_UNGUARDED_AVAILABILITY = YES_AGGRESSIVE;
				CLANG_WARN_UNREACHABLE_CODE = YES;
				CLANG_WARN__DUPLICATE_METHOD_MATCH = YES;
				COPY_PHASE_STRIP = NO;
				DEBUG_INFORMATION_FORMAT = dwarf;
				ENABLE_STRICT_OBJC_MSGSEND = YES;
				ENABLE_TESTABILITY = YES;
				ENABLE_USER_SCRIPT_SANDBOXING = YES;
				GCC_C_LANGUAGE_STANDARD = gnu17;
				GCC_DYNAMIC_NO_PIC = NO;
				GCC_NO_COMMON_BLOCKS = YES;
				GCC_OPTIMIZATION_LEVEL = 0;
				GCC_PREPROCESSOR_DEFINITIONS = (
					"DEBUG=1",
					"$(inherited)",
				);
				GCC_WARN_64_TO_32_BIT_CONVERSION = YES;
				GCC_WARN_ABOUT_RETURN_TYPE = YES_ERROR;
				GCC_WARN_UNDECLARED_SELECTOR = YES;
				GCC_WARN_UNINITIALIZED_AUTOS = YES_AGGRESSIVE;
				GCC_WARN_UNUSED_FUNCTION = YES;
				GCC_WARN_UNUSED_VARIABLE = YES;
				IPHONEOS_DEPLOYMENT_TARGET = 16.6;
				LOCALIZATION_PREFERS_STRING_CATALOGS = YES;
				MTL_ENABLE_DEBUG_INFO = INCLUDE_SOURCE;
				MTL_FAST_MATH = YES;
				ONLY_ACTIVE_ARCH = YES;
				SDKROOT = iphoneos;
				SWIFT_ACTIVE_COMPILATION_CONDITIONS = "DEBUG $(inherited)";
				SWIFT_OPTIMIZATION_LEVEL = "-Onone";
			};
			name = Debug;
		};
		3E60B8472C43DF5100162C7D /* Release */ = {
			isa = XCBuildConfiguration;
			buildSettings = {
				ALWAYS_SEARCH_USER_PATHS = NO;
				ASSETCATALOG_COMPILER_GENERATE_SWIFT_ASSET_SYMBOL_EXTENSIONS = YES;
				CLANG_ANALYZER_NONNULL = YES;
				CLANG_ANALYZER_NUMBER_OBJECT_CONVERSION = YES_AGGRESSIVE;
				CLANG_CXX_LANGUAGE_STANDARD = "gnu++20";
				CLANG_ENABLE_MODULES = YES;
				CLANG_ENABLE_OBJC_ARC = YES;
				CLANG_ENABLE_OBJC_WEAK = YES;
				CLANG_WARN_BLOCK_CAPTURE_AUTORELEASING = YES;
				CLANG_WARN_BOOL_CONVERSION = YES;
				CLANG_WARN_COMMA = YES;
				CLANG_WARN_CONSTANT_CONVERSION = YES;
				CLANG_WARN_DEPRECATED_OBJC_IMPLEMENTATIONS = YES;
				CLANG_WARN_DIRECT_OBJC_ISA_USAGE = YES_ERROR;
				CLANG_WARN_DOCUMENTATION_COMMENTS = YES;
				CLANG_WARN_EMPTY_BODY = YES;
				CLANG_WARN_ENUM_CONVERSION = YES;
				CLANG_WARN_INFINITE_RECURSION = YES;
				CLANG_WARN_INT_CONVERSION = YES;
				CLANG_WARN_NON_LITERAL_NULL_CONVERSION = YES;
				CLANG_WARN_OBJC_IMPLICIT_RETAIN_SELF = YES;
				CLANG_WARN_OBJC_LITERAL_CONVERSION = YES;
				CLANG_WARN_OBJC_ROOT_CLASS = YES_ERROR;
				CLANG_WARN_QUOTED_INCLUDE_IN_FRAMEWORK_HEADER = YES;
				CLANG_WARN_RANGE_LOOP_ANALYSIS = YES;
				CLANG_WARN_STRICT_PROTOTYPES = YES;
				CLANG_WARN_SUSPICIOUS_MOVE = YES;
				CLANG_WARN_UNGUARDED_AVAILABILITY = YES_AGGRESSIVE;
				CLANG_WARN_UNREACHABLE_CODE = YES;
				CLANG_WARN__DUPLICATE_METHOD_MATCH = YES;
				COPY_PHASE_STRIP = NO;
				DEBUG_INFORMATION_FORMAT = "dwarf-with-dsym";
				ENABLE_NS_ASSERTIONS = NO;
				ENABLE_STRICT_OBJC_MSGSEND = YES;
				ENABLE_USER_SCRIPT_SANDBOXING = YES;
				GCC_C_LANGUAGE_STANDARD = gnu17;
				GCC_NO_COMMON_BLOCKS = YES;
				GCC_WARN_64_TO_32_BIT_CONVERSION = YES;
				GCC_WARN_ABOUT_RETURN_TYPE = YES_ERROR;
				GCC_WARN_UNDECLARED_SELECTOR = YES;
				GCC_WARN_UNINITIALIZED_AUTOS = YES_AGGRESSIVE;
				GCC_WARN_UNUSED_FUNCTION = YES;
				GCC_WARN_UNUSED_VARIABLE = YES;
				IPHONEOS_DEPLOYMENT_TARGET = 16.6;
				LOCALIZATION_PREFERS_STRING_CATALOGS = YES;
				MTL_ENABLE_DEBUG_INFO = NO;
				MTL_FAST_MATH = YES;
				SDKROOT = iphoneos;
				SWIFT_COMPILATION_MODE = wholemodule;
				VALIDATE_PRODUCT = YES;
			};
			name = Release;
		};
		3E60B8492C43DF5100162C7D /* Debug */ = {
			isa = XCBuildConfiguration;
			buildSettings = {
				ASSETCATALOG_COMPILER_APPICON_NAME = AppIcon;
				ASSETCATALOG_COMPILER_GLOBAL_ACCENT_COLOR_NAME = AccentColor;
				CODE_SIGN_STYLE = Automatic;
				CURRENT_PROJECT_VERSION = 1;
				DEVELOPMENT_ASSET_PATHS = "\"KinderApp/Preview Content\"";
				DEVELOPMENT_TEAM = EUUCL55NZQ;
				ENABLE_PREVIEWS = YES;
				GENERATE_INFOPLIST_FILE = YES;
				INFOPLIST_KEY_UIApplicationSceneManifest_Generation = YES;
				INFOPLIST_KEY_UIApplicationSupportsIndirectInputEvents = YES;
				INFOPLIST_KEY_UILaunchScreen_Generation = YES;
				INFOPLIST_KEY_UISupportedInterfaceOrientations_iPad = "UIInterfaceOrientationPortrait UIInterfaceOrientationPortraitUpsideDown UIInterfaceOrientationLandscapeLeft UIInterfaceOrientationLandscapeRight";
				INFOPLIST_KEY_UISupportedInterfaceOrientations_iPhone = "UIInterfaceOrientationPortrait UIInterfaceOrientationLandscapeLeft UIInterfaceOrientationLandscapeRight";
				LD_RUNPATH_SEARCH_PATHS = (
					"$(inherited)",
					"@executable_path/Frameworks",
				);
				MARKETING_VERSION = 1.0;
				PRODUCT_BUNDLE_IDENTIFIER = h.KinderApp;
				PRODUCT_NAME = "$(TARGET_NAME)";
				SWIFT_EMIT_LOC_STRINGS = YES;
				SWIFT_VERSION = 5.0;
				TARGETED_DEVICE_FAMILY = "1,2";
			};
			name = Debug;
		};
		3E60B84A2C43DF5100162C7D /* Release */ = {
			isa = XCBuildConfiguration;
			buildSettings = {
				ASSETCATALOG_COMPILER_APPICON_NAME = AppIcon;
				ASSETCATALOG_COMPILER_GLOBAL_ACCENT_COLOR_NAME = AccentColor;
				CODE_SIGN_STYLE = Automatic;
				CURRENT_PROJECT_VERSION = 1;
				DEVELOPMENT_ASSET_PATHS = "\"KinderApp/Preview Content\"";
				DEVELOPMENT_TEAM = EUUCL55NZQ;
				ENABLE_PREVIEWS = YES;
				GENERATE_INFOPLIST_FILE = YES;
				INFOPLIST_KEY_UIApplicationSceneManifest_Generation = YES;
				INFOPLIST_KEY_UIApplicationSupportsIndirectInputEvents = YES;
				INFOPLIST_KEY_UILaunchScreen_Generation = YES;
				INFOPLIST_KEY_UISupportedInterfaceOrientations_iPad = "UIInterfaceOrientationPortrait UIInterfaceOrientationPortraitUpsideDown UIInterfaceOrientationLandscapeLeft UIInterfaceOrientationLandscapeRight";
				INFOPLIST_KEY_UISupportedInterfaceOrientations_iPhone = "UIInterfaceOrientationPortrait UIInterfaceOrientationLandscapeLeft UIInterfaceOrientationLandscapeRight";
				LD_RUNPATH_SEARCH_PATHS = (
					"$(inherited)",
					"@executable_path/Frameworks",
				);
				MARKETING_VERSION = 1.0;
				PRODUCT_BUNDLE_IDENTIFIER = h.KinderApp;
				PRODUCT_NAME = "$(TARGET_NAME)";
				SWIFT_EMIT_LOC_STRINGS = YES;
				SWIFT_VERSION = 5.0;
				TARGETED_DEVICE_FAMILY = "1,2";
			};
			name = Release;
		};
		3E60B84C2C43DF5100162C7D /* Debug */ = {
			isa = XCBuildConfiguration;
			buildSettings = {
				ALWAYS_EMBED_SWIFT_STANDARD_LIBRARIES = YES;
				BUNDLE_LOADER = "$(TEST_HOST)";
				CODE_SIGN_STYLE = Automatic;
				CURRENT_PROJECT_VERSION = 1;
				DEVELOPMENT_TEAM = EUUCL55NZQ;
				GENERATE_INFOPLIST_FILE = YES;
				IPHONEOS_DEPLOYMENT_TARGET = 17.5;
				MARKETING_VERSION = 1.0;
				PRODUCT_BUNDLE_IDENTIFIER = h.KinderAppTests;
				PRODUCT_NAME = "$(TARGET_NAME)";
				SWIFT_EMIT_LOC_STRINGS = NO;
				SWIFT_VERSION = 5.0;
				TARGETED_DEVICE_FAMILY = "1,2";
				TEST_HOST = "$(BUILT_PRODUCTS_DIR)/KinderApp.app/$(BUNDLE_EXECUTABLE_FOLDER_PATH)/KinderApp";
			};
			name = Debug;
		};
		3E60B84D2C43DF5100162C7D /* Release */ = {
			isa = XCBuildConfiguration;
			buildSettings = {
				ALWAYS_EMBED_SWIFT_STANDARD_LIBRARIES = YES;
				BUNDLE_LOADER = "$(TEST_HOST)";
				CODE_SIGN_STYLE = Automatic;
				CURRENT_PROJECT_VERSION = 1;
				DEVELOPMENT_TEAM = EUUCL55NZQ;
				GENERATE_INFOPLIST_FILE = YES;
				IPHONEOS_DEPLOYMENT_TARGET = 17.5;
				MARKETING_VERSION = 1.0;
				PRODUCT_BUNDLE_IDENTIFIER = h.KinderAppTests;
				PRODUCT_NAME = "$(TARGET_NAME)";
				SWIFT_EMIT_LOC_STRINGS = NO;
				SWIFT_VERSION = 5.0;
				TARGETED_DEVICE_FAMILY = "1,2";
				TEST_HOST = "$(BUILT_PRODUCTS_DIR)/KinderApp.app/$(BUNDLE_EXECUTABLE_FOLDER_PATH)/KinderApp";
			};
			name = Release;
		};
		3E60B84F2C43DF5100162C7D /* Debug */ = {
			isa = XCBuildConfiguration;
			buildSettings = {
				ALWAYS_EMBED_SWIFT_STANDARD_LIBRARIES = YES;
				"CODE_SIGN_IDENTITY[sdk=macosx*]" = "Apple Development";
				CODE_SIGN_STYLE = Automatic;
				CURRENT_PROJECT_VERSION = 1;
				DEVELOPMENT_TEAM = EUUCL55NZQ;
				GENERATE_INFOPLIST_FILE = YES;
				MARKETING_VERSION = 1.0;
				PRODUCT_BUNDLE_IDENTIFIER = h.KinderAppUITests;
				PRODUCT_NAME = "$(TARGET_NAME)";
				SWIFT_EMIT_LOC_STRINGS = NO;
				SWIFT_VERSION = 5.0;
				TARGETED_DEVICE_FAMILY = "1,2";
				TEST_TARGET_NAME = KinderApp;
			};
			name = Debug;
		};
		3E60B8502C43DF5100162C7D /* Release */ = {
			isa = XCBuildConfiguration;
			buildSettings = {
				ALWAYS_EMBED_SWIFT_STANDARD_LIBRARIES = YES;
				"CODE_SIGN_IDENTITY[sdk=macosx*]" = "Apple Development";
				CODE_SIGN_STYLE = Automatic;
				CURRENT_PROJECT_VERSION = 1;
				DEVELOPMENT_TEAM = EUUCL55NZQ;
				GENERATE_INFOPLIST_FILE = YES;
				MARKETING_VERSION = 1.0;
				PRODUCT_BUNDLE_IDENTIFIER = h.KinderAppUITests;
				PRODUCT_NAME = "$(TARGET_NAME)";
				SWIFT_EMIT_LOC_STRINGS = NO;
				SWIFT_VERSION = 5.0;
				TARGETED_DEVICE_FAMILY = "1,2";
				TEST_TARGET_NAME = KinderApp;
			};
			name = Release;
		};
/* End XCBuildConfiguration section */

/* Begin XCConfigurationList section */
		3E60B81F2C43DF4F00162C7D /* Build configuration list for PBXProject "KinderApp" */ = {
			isa = XCConfigurationList;
			buildConfigurations = (
				3E60B8462C43DF5100162C7D /* Debug */,
				3E60B8472C43DF5100162C7D /* Release */,
			);
			defaultConfigurationIsVisible = 0;
			defaultConfigurationName = Release;
		};
		3E60B8482C43DF5100162C7D /* Build configuration list for PBXNativeTarget "KinderApp" */ = {
			isa = XCConfigurationList;
			buildConfigurations = (
				3E60B8492C43DF5100162C7D /* Debug */,
				3E60B84A2C43DF5100162C7D /* Release */,
			);
			defaultConfigurationIsVisible = 0;
			defaultConfigurationName = Release;
		};
		3E60B84B2C43DF5100162C7D /* Build configuration list for PBXNativeTarget "KinderAppTests" */ = {
			isa = XCConfigurationList;
			buildConfigurations = (
				3E60B84C2C43DF5100162C7D /* Debug */,
				3E60B84D2C43DF5100162C7D /* Release */,
			);
			defaultConfigurationIsVisible = 0;
			defaultConfigurationName = Release;
		};
		3E60B84E2C43DF5100162C7D /* Build configuration list for PBXNativeTarget "KinderAppUITests" */ = {
			isa = XCConfigurationList;
			buildConfigurations = (
				3E60B84F2C43DF5100162C7D /* Debug */,
				3E60B8502C43DF5100162C7D /* Release */,
			);
			defaultConfigurationIsVisible = 0;
			defaultConfigurationName = Release;
		};
/* End XCConfigurationList section */
	};
	rootObject = 3E60B81C2C43DF4F00162C7D /* Project object */;
}
